
Microsoft Visual Studio Solution File, Format Version 12.00
# Visual Studio Version 17
VisualStudioVersion = 17.4.33213.308
MinimumVisualStudioVersion = 10.0.40219.1
Project("{9A19103F-16F7-4668-BE54-9A1E7A4F7556}") = "ChatGPT-DotNet7-MinimalAPI", "ChatGPT-DotNet7-MinimalAPI.csproj", "{4F2F7D32-26D8-49B7-AD1B-3DF98BE4A750}"
EndProject
Global
	GlobalSection(SolutionConfigurationPlatforms) = preSolution
		Debug|Any CPU = Debug|Any CPU
		Release|Any CPU = Release|Any CPU
	EndGlobalSection
	GlobalSection(ProjectConfigurationPlatforms) = postSolution
		{4F2F7D32-26D8-49B7-AD1B-3DF98BE4A750}.Debug|Any CPU.ActiveCfg = Debug|Any CPU
		{4F2F7D32-26D8-49B7-AD1B-3DF98BE4A750}.Debug|Any CPU.Build.0 = Debug|Any CPU
		{4F2F7D32-26D8-49B7-AD1B-3DF98BE4A750}.Release|Any CPU.ActiveCfg = Release|Any CPU
		{4F2F7D32-26D8-49B7-AD1B-3DF98BE4A750}.Release|Any CPU.Build.0 = Release|Any CPU
	EndGlobalSection
	GlobalSection(SolutionProperties) = preSolution
		HideSolutionNode = FALSE
	EndGlobalSection
	GlobalSection(ExtensibilityGlobals) = postSolution
		SolutionGuid = {3CE076CC-9ED5-4DA7-9BF4-CC0CF8886796}
	EndGlobalSection
EndGlobal
